
Microsoft Visual Studio Solution File, Format Version 12.00
# Visual Studio Version 17
VisualStudioVersion = 17.2.32630.192
MinimumVisualStudioVersion = 10.0.40219.1
Project("{9A19103F-16F7-4668-BE54-9A1E7A4F7556}") = "Optivify.RequestResponse", "Optivify.RequestResponse\Optivify.RequestResponse.csproj", "{9AABD498-FEFB-42D2-91B3-833F72A1672F}"
EndProject
Project("{9A19103F-16F7-4668-BE54-9A1E7A4F7556}") = "Optivify.RequestResponse.AspNetCore", "Optivify.RequestResponse.AspNetCore\Optivify.RequestResponse.AspNetCore.csproj", "{BFE1F856-1F23-4211-981C-633190062E6A}"
EndProject
Project("{9A19103F-16F7-4668-BE54-9A1E7A4F7556}") = "Optivify.RequestResponse.WebApi.Samples", "Optivify.RequestResponse.WebApi.Samples\Optivify.RequestResponse.WebApi.Samples.csproj", "{5AABCAEE-848D-4DBE-A11D-B8CB61110F84}"
EndProject
Global
	GlobalSection(SolutionConfigurationPlatforms) = preSolution
		Debug|Any CPU = Debug|Any CPU
		Release|Any CPU = Release|Any CPU
	EndGlobalSection
	GlobalSection(ProjectConfigurationPlatforms) = postSolution
		{9AABD498-FEFB-42D2-91B3-833F72A1672F}.Debug|Any CPU.ActiveCfg = Debug|Any CPU
		{9AABD498-FEFB-42D2-91B3-833F72A1672F}.Debug|Any CPU.Build.0 = Debug|Any CPU
		{9AABD498-FEFB-42D2-91B3-833F72A1672F}.Release|Any CPU.ActiveCfg = Release|Any CPU
		{9AABD498-FEFB-42D2-91B3-833F72A1672F}.Release|Any CPU.Build.0 = Release|Any CPU
		{BFE1F856-1F23-4211-981C-633190062E6A}.Debug|Any CPU.ActiveCfg = Debug|Any CPU
		{BFE1F856-1F23-4211-981C-633190062E6A}.Debug|Any CPU.Build.0 = Debug|Any CPU
		{BFE1F856-1F23-4211-981C-633190062E6A}.Release|Any CPU.ActiveCfg = Release|Any CPU
		{BFE1F856-1F23-4211-981C-633190062E6A}.Release|Any CPU.Build.0 = Release|Any CPU
		{5AABCAEE-848D-4DBE-A11D-B8CB61110F84}.Debug|Any CPU.ActiveCfg = Debug|Any CPU
		{5AABCAEE-848D-4DBE-A11D-B8CB61110F84}.Debug|Any CPU.Build.0 = Debug|Any CPU
		{5AABCAEE-848D-4DBE-A11D-B8CB61110F84}.Release|Any CPU.ActiveCfg = Release|Any CPU
		{5AABCAEE-848D-4DBE-A11D-B8CB61110F84}.Release|Any CPU.Build.0 = Release|Any CPU
	EndGlobalSection
	GlobalSection(SolutionProperties) = preSolution
		HideSolutionNode = FALSE
	EndGlobalSection
	GlobalSection(ExtensibilityGlobals) = postSolution
		SolutionGuid = {125672BE-0454-40C3-BDCC-75A280EA4B8D}
	EndGlobalSection
EndGlobal
